{
  "name": "哥村卤肉饭",
  "lockfileVersion": 3,
  "requires": true,
  "packages": {
    "": {
      "dependencies": {
        "cropperjs": "^2.0.0"
      }
    },
    "node_modules/@cropper/element": {
      "version": "2.0.0",
      "resolved": "https://registry.npmmirror.com/@cropper/element/-/element-2.0.0.tgz",
      "integrity": "sha512-lsthn0nQq73GExUE7Mg/ss6Q3RXADGDv055hxoLFwvl/wGHgy6ZkYlfLZ/VmgBHC6jDK5IgPBFnqrPqlXWSGBA==",
      "license": "MIT",
      "dependencies": {
        "@cropper/utils": "^2.0.0"
      }
    },
    "node_modules/@cropper/element-canvas": {
      "version": "2.0.0",
      "resolved": "https://registry.npmmirror.com/@cropper/element-canvas/-/element-canvas-2.0.0.tgz",
      "integrity": "sha512-GPtGJgSm92crJhhhwUsaMw3rz2KfJWWSz7kRAlufFEV/EHTP5+6r6/Z1BCGRna830i+Avqbm435XLOtA7PVJwA==",
      "license": "MIT",
      "dependencies": {
        "@cropper/element": "^2.0.0",
        "@cropper/utils": "^2.0.0"
      }
    },
    "node_modules/@cropper/element-crosshair": {
      "version": "2.0.0",
      "resolved": "https://registry.npmmirror.com/@cropper/element-crosshair/-/element-crosshair-2.0.0.tgz",
      "integrity": "sha512-KfPfyrdeFvUC31Ws7ATtcalWWSaMtrC6bMoCipZhqbUOE7wZoL4ecDSL6BUOZxPa74awZUqfzirCDjHvheBfyw==",
      "license": "MIT",
      "dependencies": {
        "@cropper/element": "^2.0.0",
        "@cropper/utils": "^2.0.0"
      }
    },
    "node_modules/@cropper/element-grid": {
      "version": "2.0.0",
      "resolved": "https://registry.npmmirror.com/@cropper/element-grid/-/element-grid-2.0.0.tgz",
      "integrity": "sha512-i78SQ0IJTLFveKX6P7svkfMYVdgHrQ8ZmmEw8keFy9n1ZVbK+SK0UHK5FNMRNI/gtVhKJOGEnK/zeyjUdj4Iyw==",
      "license": "MIT",
      "dependencies": {
        "@cropper/element": "^2.0.0",
        "@cropper/utils": "^2.0.0"
      }
    },
    "node_modules/@cropper/element-handle": {
      "version": "2.0.0",
      "resolved": "https://registry.npmmirror.com/@cropper/element-handle/-/element-handle-2.0.0.tgz",
      "integrity": "sha512-ZJvW+0MkK9E8xYymGdoruaQn2kwjSHFpNSWinjyq6csuVQiCPxlX5ovAEDldmZ9MWePPtWEi3vLKQOo2Yb0T8g==",
      "license": "MIT",
      "dependencies": {
        "@cropper/element": "^2.0.0",
        "@cropper/utils": "^2.0.0"
      }
    },
    "node_modules/@cropper/element-image": {
      "version": "2.0.0",
      "resolved": "https://registry.npmmirror.com/@cropper/element-image/-/element-image-2.0.0.tgz",
      "integrity": "sha512-9BxiTS/aHRmrjopaFQb9mQQXmx4ruhYHGkDZMVz24AXpMFjUY6OpqrWse/WjzD9tfhMFvEdu17b3VAekcAgpeg==",
      "license": "MIT",
      "dependencies": {
        "@cropper/element": "^2.0.0",
        "@cropper/element-canvas": "^2.0.0",
        "@cropper/utils": "^2.0.0"
      }
    },
    "node_modules/@cropper/element-selection": {
      "version": "2.0.0",
      "resolved": "https://registry.npmmirror.com/@cropper/element-selection/-/element-selection-2.0.0.tgz",
      "integrity": "sha512-ensNnbIfJsJ8bhbJTH/RXtk2URFvTOO4TvfRk461n2FPEC588D7rwBmUJxQg74IiTi4y1JbCI+6j+4LyzYBLCQ==",
      "license": "MIT",
      "dependencies": {
        "@cropper/element": "^2.0.0",
        "@cropper/element-canvas": "^2.0.0",
        "@cropper/element-image": "^2.0.0",
        "@cropper/utils": "^2.0.0"
      }
    },
    "node_modules/@cropper/element-shade": {
      "version": "2.0.0",
      "resolved": "https://registry.npmmirror.com/@cropper/element-shade/-/element-shade-2.0.0.tgz",
      "integrity": "sha512-jv/2bbNZnhU4W+T4G0c8ADocLIZvQFTXgCf2RFDNhI5UVxurzWBnDdb8Mx8LnVplnkTqO+xUmHZYve0CwgWo+Q==",
      "license": "MIT",
      "dependencies": {
        "@cropper/element": "^2.0.0",
        "@cropper/element-canvas": "^2.0.0",
        "@cropper/element-selection": "^2.0.0",
        "@cropper/utils": "^2.0.0"
      }
    },
    "node_modules/@cropper/element-viewer": {
      "version": "2.0.0",
      "resolved": "https://registry.npmmirror.com/@cropper/element-viewer/-/element-viewer-2.0.0.tgz",
      "integrity": "sha512-zY+3VRN5TvpM8twlphYtXw0tzJL2VgzeK7ufhL1BixVqOdRxwP13TprYIhqwGt9EW/SyJZUiaIu396T89kRX8A==",
      "license": "MIT",
      "dependencies": {
        "@cropper/element": "^2.0.0",
        "@cropper/element-canvas": "^2.0.0",
        "@cropper/element-image": "^2.0.0",
        "@cropper/element-selection": "^2.0.0",
        "@cropper/utils": "^2.0.0"
      }
    },
    "node_modules/@cropper/elements": {
      "version": "2.0.0",
      "resolved": "https://registry.npmmirror.com/@cropper/elements/-/elements-2.0.0.tgz",
      "integrity": "sha512-PQkPo1nUjxLFUQuHYu+6atfHxpX9B41Xribao6wpvmvmNIFML6LQdNqqWYb6LyM7ujsu71CZdBiMT5oetjJVoQ==",
      "license": "MIT",
      "dependencies": {
        "@cropper/element": "^2.0.0",
        "@cropper/element-canvas": "^2.0.0",
        "@cropper/element-crosshair": "^2.0.0",
        "@cropper/element-grid": "^2.0.0",
        "@cropper/element-handle": "^2.0.0",
        "@cropper/element-image": "^2.0.0",
        "@cropper/element-selection": "^2.0.0",
        "@cropper/element-shade": "^2.0.0",
        "@cropper/element-viewer": "^2.0.0"
      }
    },
    "node_modules/@cropper/utils": {
      "version": "2.0.0",
      "resolved": "https://registry.npmmirror.com/@cropper/utils/-/utils-2.0.0.tgz",
      "integrity": "sha512-cprLYr+7kK3faGgoOsTW9gIn5sefDr2KwOmgyjzIXk+8PLpW8FgFKEg5FoWfRD5zMAmkCBuX6rGKDK3VdUEGrg==",
      "license": "MIT"
    },
    "node_modules/cropperjs": {
      "version": "2.0.0",
      "resolved": "https://registry.npmmirror.com/cropperjs/-/cropperjs-2.0.0.tgz",
      "integrity": "sha512-TO2j0Qre01kPHbow4FuTrbdEB4jTmGRySxW49jyEIqlJZuEBfrvCTT0vC3eRB2WBXudDfKi1Onako6DKWKxeAQ==",
      "license": "MIT",
      "dependencies": {
        "@cropper/elements": "^2.0.0",
        "@cropper/utils": "^2.0.0"
      }
    }
  }
}
